
Microsoft Visual Studio Solution File, Format Version 12.00
# Visual Studio 15
VisualStudioVersion = 15.0.35714.111
MinimumVisualStudioVersion = 10.0.40219.1
Project("{FAE04EC0-301F-11D3-BF4B-00C04F79EFBC}") = "HangmanGame", "HangmanGame\HangmanGame.csproj", "{BDAFC06D-81F8-4C76-A48C-B349611C120C}"
EndProject
Global
	GlobalSection(SolutionConfigurationPlatforms) = preSolution
		Debug|Any CPU = Debug|Any CPU
		Release|Any CPU = Release|Any CPU
	EndGlobalSection
	GlobalSection(ProjectConfigurationPlatforms) = postSolution
		{BDAFC06D-81F8-4C76-A48C-B349611C120C}.Debug|Any CPU.ActiveCfg = Debug|Any CPU
		{BDAFC06D-81F8-4C76-A48C-B349611C120C}.Debug|Any CPU.Build.0 = Debug|Any CPU
		{BDAFC06D-81F8-4C76-A48C-B349611C120C}.Release|Any CPU.ActiveCfg = Release|Any CPU
		{BDAFC06D-81F8-4C76-A48C-B349611C120C}.Release|Any CPU.Build.0 = Release|Any CPU
	EndGlobalSection
	GlobalSection(SolutionProperties) = preSolution
		HideSolutionNode = FALSE
	EndGlobalSection
	GlobalSection(ExtensibilityGlobals) = postSolution
		SolutionGuid = {5BD85F1D-6194-4507-97CE-ADFEE8FE82C9}
	EndGlobalSection
EndGlobal
